// !$*UTF8*$!
{
	archiveVersion = 1;
	classes = {
	};
	objectVersion = 77;
	objects = {

/* Begin PBXContainerItemProxy section */
		E84CFE662CA06394009CBF6B /* PBXContainerItemProxy */ = {
			isa = PBXContainerItemProxy;
			containerPortal = E84CFE4D2CA06393009CBF6B /* Project object */;
			proxyType = 1;
			remoteGlobalIDString = E84CFE542CA06393009CBF6B;
			remoteInfo = SexyZoomGallery;
		};
		E84CFE702CA06394009CBF6B /* PBXContainerItemProxy */ = {
			isa = PBXContainerItemProxy;
			containerPortal = E84CFE4D2CA06393009CBF6B /* Project object */;
			proxyType = 1;
			remoteGlobalIDString = E84CFE542CA06393009CBF6B;
			remoteInfo = SexyZoomGallery;
		};
/* End PBXContainerItemProxy section */

/* Begin PBXFileReference section */
		E84CFE552CA06393009CBF6B /* SexyZoomGallery.app */ = {isa = PBXFileReference; explicitFileType = wrapper.application; includeInIndex = 0; path = SexyZoomGallery.app; sourceTree = BUILT_PRODUCTS_DIR; };
		E84CFE652CA06394009CBF6B /* SexyZoomGalleryTests.xctest */ = {isa = PBXFileReference; explicitFileType = wrapper.cfbundle; includeInIndex = 0; path = SexyZoomGalleryTests.xctest; sourceTree = BUILT_PRODUCTS_DIR; };
		E84CFE6F2CA06394009CBF6B /* SexyZoomGalleryUITests.xctest */ = {isa = PBXFileReference; explicitFileType = wrapper.cfbundle; includeInIndex = 0; path = SexyZoomGalleryUITests.xctest; sourceTree = BUILT_PRODUCTS_DIR; };
/* End PBXFileReference section */

/* Begin PBXFileSystemSynchronizedRootGroup section */
		E84CFE572CA06393009CBF6B /* SexyZoomGallery */ = {
			isa = PBXFileSystemSynchronizedRootGroup;
			path = SexyZoomGallery;
			sourceTree = "<group>";
		};
		E84CFE682CA06394009CBF6B /* SexyZoomGalleryTests */ = {
			isa = PBXFileSystemSynchronizedRootGroup;
			path = SexyZoomGalleryTests;
			sourceTree = "<group>";
		};
		E84CFE722CA06394009CBF6B /* SexyZoomGalleryUITests */ = {
			isa = PBXFileSystemSynchronizedRootGroup;
			path = SexyZoomGalleryUITests;
			sourceTree = "<group>";
		};
/* End PBXFileSystemSynchronizedRootGroup section */

/* Begin PBXFrameworksBuildPhase section */
		E84CFE522CA06393009CBF6B /* Frameworks */ = {
			isa = PBXFrameworksBuildPhase;
			buildActionMask = 2147483647;
			files = (
			);
			runOnlyForDeploymentPostprocessing = 0;
		};
		E84CFE622CA06394009CBF6B /* Frameworks */ = {
			isa = PBXFrameworksBuildPhase;
			buildActionMask = 2147483647;
			files = (
			);
			runOnlyForDeploymentPostprocessing = 0;
		};
		E84CFE6C2CA06394009CBF6B /* Frameworks */ = {
			isa = PBXFrameworksBuildPhase;
			buildActionMask = 2147483647;
			files = (
			);
			runOnlyForDeploymentPostprocessing = 0;
		};
/* End PBXFrameworksBuildPhase section */

/* Begin PBXGroup section */
		E84CFE4C2CA06393009CBF6B = {
			isa = PBXGroup;
			children = (
				E84CFE572CA06393009CBF6B /* SexyZoomGallery */,
				E84CFE682CA06394009CBF6B /* SexyZoomGalleryTests */,
				E84CFE722CA06394009CBF6B /* SexyZoomGalleryUITests */,
				E84CFE562CA06393009CBF6B /* Products */,
			);
			sourceTree = "<group>";
		};
		E84CFE562CA06393009CBF6B /* Products */ = {
			isa = PBXGroup;
			children = (
				E84CFE552CA06393009CBF6B /* SexyZoomGallery.app */,
				E84CFE652CA06394009CBF6B /* SexyZoomGalleryTests.xctest */,
				E84CFE6F2CA06394009CBF6B /* SexyZoomGalleryUITests.xctest */,
			);
			name = Products;
			sourceTree = "<group>";
		};
/* End PBXGroup section */

/* Begin PBXNativeTarget section */
		E84CFE542CA06393009CBF6B /* SexyZoomGallery */ = {
			isa = PBXNativeTarget;
			buildConfigurationList = E84CFE792CA06394009CBF6B /* Build configuration list for PBXNativeTarget "SexyZoomGallery" */;
			buildPhases = (
				E84CFE512CA06393009CBF6B /* Sources */,
				E84CFE522CA06393009CBF6B /* Frameworks */,
				E84CFE532CA06393009CBF6B /* Resources */,
			);
			buildRules = (
			);
			dependencies = (
			);
			fileSystemSynchronizedGroups = (
				E84CFE572CA06393009CBF6B /* SexyZoomGallery */,
			);
			name = SexyZoomGallery;
			packageProductDependencies = (
			);
			productName = SexyZoomGallery;
			productReference = E84CFE552CA06393009CBF6B /* SexyZoomGallery.app */;
			productType = "com.apple.product-type.application";
		};
		E84CFE642CA06394009CBF6B /* SexyZoomGalleryTests */ = {
			isa = PBXNativeTarget;
			buildConfigurationList = E84CFE7C2CA06394009CBF6B /* Build configuration list for PBXNativeTarget "SexyZoomGalleryTests" */;
			buildPhases = (
				E84CFE612CA06394009CBF6B /* Sources */,
				E84CFE622CA06394009CBF6B /* Frameworks */,
				E84CFE632CA06394009CBF6B /* Resources */,
			);
			buildRules = (
			);
			dependencies = (
				E84CFE672CA06394009CBF6B /* PBXTargetDependency */,
			);
			fileSystemSynchronizedGroups = (
				E84CFE682CA06394009CBF6B /* SexyZoomGalleryTests */,
			);
			name = SexyZoomGalleryTests;
			packageProductDependencies = (
			);
			productName = SexyZoomGalleryTests;
			productReference = E84CFE652CA06394009CBF6B /* SexyZoomGalleryTests.xctest */;
			productType = "com.apple.product-type.bundle.unit-test";
		};
		E84CFE6E2CA06394009CBF6B /* SexyZoomGalleryUITests */ = {
			isa = PBXNativeTarget;
			buildConfigurationList = E84CFE7F2CA06394009CBF6B /* Build configuration list for PBXNativeTarget "SexyZoomGalleryUITests" */;
			buildPhases = (
				E84CFE6B2CA06394009CBF6B /* Sources */,
				E84CFE6C2CA06394009CBF6B /* Frameworks */,
				E84CFE6D2CA06394009CBF6B /* Resources */,
			);
			buildRules = (
			);
			dependencies = (
				E84CFE712CA06394009CBF6B /* PBXTargetDependency */,
			);
			fileSystemSynchronizedGroups = (
				E84CFE722CA06394009CBF6B /* SexyZoomGalleryUITests */,
			);
			name = SexyZoomGalleryUITests;
			packageProductDependencies = (
			);
			productName = SexyZoomGalleryUITests;
			productReference = E84CFE6F2CA06394009CBF6B /* SexyZoomGalleryUITests.xctest */;
			productType = "com.apple.product-type.bundle.ui-testing";
		};
/* End PBXNativeTarget section */

/* Begin PBXProject section */
		E84CFE4D2CA06393009CBF6B /* Project object */ = {
			isa = PBXProject;
			attributes = {
				BuildIndependentTargetsInParallel = 1;
				LastSwiftUpdateCheck = 1600;
				LastUpgradeCheck = 1600;
				TargetAttributes = {
					E84CFE542CA06393009CBF6B = {
						CreatedOnToolsVersion = 16.0;
					};
					E84CFE642CA06394009CBF6B = {
						CreatedOnToolsVersion = 16.0;
						TestTargetID = E84CFE542CA06393009CBF6B;
					};
					E84CFE6E2CA06394009CBF6B = {
						CreatedOnToolsVersion = 16.0;
						TestTargetID = E84CFE542CA06393009CBF6B;
					};
				};
			};
			buildConfigurationList = E84CFE502CA06393009CBF6B /* Build configuration list for PBXProject "SexyZoomGallery" */;
			developmentRegion = en;
			hasScannedForEncodings = 0;
			knownRegions = (
				en,
				Base,
			);
			mainGroup = E84CFE4C2CA06393009CBF6B;
			minimizedProjectReferenceProxies = 1;
			preferredProjectObjectVersion = 77;
			productRefGroup = E84CFE562CA06393009CBF6B /* Products */;
			projectDirPath = "";
			projectRoot = "";
			targets = (
				E84CFE542CA06393009CBF6B /* SexyZoomGallery */,
				E84CFE642CA06394009CBF6B /* SexyZoomGalleryTests */,
				E84CFE6E2CA06394009CBF6B /* SexyZoomGalleryUITests */,
			);
		};
/* End PBXProject section */

/* Begin PBXResourcesBuildPhase section */
		E84CFE532CA06393009CBF6B /* Resources */ = {
			isa = PBXResourcesBuildPhase;
			buildActionMask = 2147483647;
			files = (
			);
			runOnlyForDeploymentPostprocessing = 0;
		};
		E84CFE632CA06394009CBF6B /* Resources */ = {
			isa = PBXResourcesBuildPhase;
			buildActionMask = 2147483647;
			files = (
			);
			runOnlyForDeploymentPostprocessing = 0;
		};
		E84CFE6D2CA06394009CBF6B /* Resources */ = {
			isa = PBXResourcesBuildPhase;
			buildActionMask = 2147483647;
			files = (
			);
			runOnlyForDeploymentPostprocessing = 0;
		};
/* End PBXResourcesBuildPhase section */

/* Begin PBXSourcesBuildPhase section */
		E84CFE512CA06393009CBF6B /* Sources */ = {
			isa = PBXSourcesBuildPhase;
			buildActionMask = 2147483647;
			files = (
			);
			runOnlyForDeploymentPostprocessing = 0;
		};
		E84CFE612CA06394009CBF6B /* Sources */ = {
			isa = PBXSourcesBuildPhase;
			buildActionMask = 2147483647;
			files = (
			);
			runOnlyForDeploymentPostprocessing = 0;
		};
		E84CFE6B2CA06394009CBF6B /* Sources */ = {
			isa = PBXSourcesBuildPhase;
			buildActionMask = 2147483647;
			files = (
			);
			runOnlyForDeploymentPostprocessing = 0;
		};
/* End PBXSourcesBuildPhase section */

/* Begin PBXTargetDependency section */
		E84CFE672CA06394009CBF6B /* PBXTargetDependency */ = {
			isa = PBXTargetDependency;
			target = E84CFE542CA06393009CBF6B /* SexyZoomGallery */;
			targetProxy = E84CFE662CA06394009CBF6B /* PBXContainerItemProxy */;
		};
		E84CFE712CA06394009CBF6B /* PBXTargetDependency */ = {
			isa = PBXTargetDependency;
			target = E84CFE542CA06393009CBF6B /* SexyZoomGallery */;
			targetProxy = E84CFE702CA06394009CBF6B /* PBXContainerItemProxy */;
		};
/* End PBXTargetDependency section */

/* Begin XCBuildConfiguration section */
		E84CFE772CA06394009CBF6B /* Debug */ = {
			isa = XCBuildConfiguration;
			buildSettings = {
				ALWAYS_SEARCH_USER_PATHS = NO;
				ASSETCATALOG_COMPILER_GENERATE_SWIFT_ASSET_SYMBOL_EXTENSIONS = YES;
				CLANG_ANALYZER_NONNULL = YES;
				CLANG_ANALYZER_NUMBER_OBJECT_CONVERSION = YES_AGGRESSIVE;
				CLANG_CXX_LANGUAGE_STANDARD = "gnu++20";
				CLANG_ENABLE_MODULES = YES;
				CLANG_ENABLE_OBJC_ARC = YES;
				CLANG_ENABLE_OBJC_WEAK = YES;
				CLANG_WARN_BLOCK_CAPTURE_AUTORELEASING = YES;
				CLANG_WARN_BOOL_CONVERSION = YES;
				CLANG_WARN_COMMA = YES;
				CLANG_WARN_CONSTANT_CONVERSION = YES;
				CLANG_WARN_DEPRECATED_OBJC_IMPLEMENTATIONS = YES;
				CLANG_WARN_DIRECT_OBJC_ISA_USAGE = YES_ERROR;
				CLANG_WARN_DOCUMENTATION_COMMENTS = YES;
				CLANG_WARN_EMPTY_BODY = YES;
				CLANG_WARN_ENUM_CONVERSION = YES;
				CLANG_WARN_INFINITE_RECURSION = YES;
				CLANG_WARN_INT_CONVERSION = YES;
				CLANG_WARN_NON_LITERAL_NULL_CONVERSION = YES;
				CLANG_WARN_OBJC_IMPLICIT_RETAIN_SELF = YES;
				CLANG_WARN_OBJC_LITERAL_CONVERSION = YES;
				CLANG_WARN_OBJC_ROOT_CLASS = YES_ERROR;
				CLANG_WARN_QUOTED_INCLUDE_IN_FRAMEWORK_HEADER = YES;
				CLANG_WARN_RANGE_LOOP_ANALYSIS = YES;
				CLANG_WARN_STRICT_PROTOTYPES = YES;
				CLANG_WARN_SUSPICIOUS_MOVE = YES;
				CLANG_WARN_UNGUARDED_AVAILABILITY = YES_AGGRESSIVE;
				CLANG_WARN_UNREACHABLE_CODE = YES;
				CLANG_WARN__DUPLICATE_METHOD_MATCH = YES;
				COPY_PHASE_STRIP = NO;
				DEBUG_INFORMATION_FORMAT = dwarf;
				ENABLE_STRICT_OBJC_MSGSEND = YES;
				ENABLE_TESTABILITY = YES;
				ENABLE_USER_SCRIPT_SANDBOXING = YES;
				GCC_C_LANGUAGE_STANDARD = gnu17;
				GCC_DYNAMIC_NO_PIC = NO;
				GCC_NO_COMMON_BLOCKS = YES;
				GCC_OPTIMIZATION_LEVEL = 0;
				GCC_PREPROCESSOR_DEFINITIONS = (
					"DEBUG=1",
					"$(inherited)",
				);
				GCC_WARN_64_TO_32_BIT_CONVERSION = YES;
				GCC_WARN_ABOUT_RETURN_TYPE = YES_ERROR;
				GCC_WARN_UNDECLARED_SELECTOR = YES;
				GCC_WARN_UNINITIALIZED_AUTOS = YES_AGGRESSIVE;
				GCC_WARN_UNUSED_FUNCTION = YES;
				GCC_WARN_UNUSED_VARIABLE = YES;
				IPHONEOS_DEPLOYMENT_TARGET = 18.0;
				LOCALIZATION_PREFERS_STRING_CATALOGS = YES;
				MTL_ENABLE_DEBUG_INFO = INCLUDE_SOURCE;
				MTL_FAST_MATH = YES;
				ONLY_ACTIVE_ARCH = YES;
				SDKROOT = iphoneos;
				SWIFT_ACTIVE_COMPILATION_CONDITIONS = "DEBUG $(inherited)";
				SWIFT_OPTIMIZATION_LEVEL = "-Onone";
			};
			name = Debug;
		};
		E84CFE782CA06394009CBF6B /* Release */ = {
			isa = XCBuildConfiguration;
			buildSettings = {
				ALWAYS_SEARCH_USER_PATHS = NO;
				ASSETCATALOG_COMPILER_GENERATE_SWIFT_ASSET_SYMBOL_EXTENSIONS = YES;
				CLANG_ANALYZER_NONNULL = YES;
				CLANG_ANALYZER_NUMBER_OBJECT_CONVERSION = YES_AGGRESSIVE;
				CLANG_CXX_LANGUAGE_STANDARD = "gnu++20";
				CLANG_ENABLE_MODULES = YES;
				CLANG_ENABLE_OBJC_ARC = YES;
				CLANG_ENABLE_OBJC_WEAK = YES;
				CLANG_WARN_BLOCK_CAPTURE_AUTORELEASING = YES;
				CLANG_WARN_BOOL_CONVERSION = YES;
				CLANG_WARN_COMMA = YES;
				CLANG_WARN_CONSTANT_CONVERSION = YES;
				CLANG_WARN_DEPRECATED_OBJC_IMPLEMENTATIONS = YES;
				CLANG_WARN_DIRECT_OBJC_ISA_USAGE = YES_ERROR;
				CLANG_WARN_DOCUMENTATION_COMMENTS = YES;
				CLANG_WARN_EMPTY_BODY = YES;
				CLANG_WARN_ENUM_CONVERSION = YES;
				CLANG_WARN_INFINITE_RECURSION = YES;
				CLANG_WARN_INT_CONVERSION = YES;
				CLANG_WARN_NON_LITERAL_NULL_CONVERSION = YES;
				CLANG_WARN_OBJC_IMPLICIT_RETAIN_SELF = YES;
				CLANG_WARN_OBJC_LITERAL_CONVERSION = YES;
				CLANG_WARN_OBJC_ROOT_CLASS = YES_ERROR;
				CLANG_WARN_QUOTED_INCLUDE_IN_FRAMEWORK_HEADER = YES;
				CLANG_WARN_RANGE_LOOP_ANALYSIS = YES;
				CLANG_WARN_STRICT_PROTOTYPES = YES;
				CLANG_WARN_SUSPICIOUS_MOVE = YES;
				CLANG_WARN_UNGUARDED_AVAILABILITY = YES_AGGRESSIVE;
				CLANG_WARN_UNREACHABLE_CODE = YES;
				CLANG_WARN__DUPLICATE_METHOD_MATCH = YES;
				COPY_PHASE_STRIP = NO;
				DEBUG_INFORMATION_FORMAT = "dwarf-with-dsym";
				ENABLE_NS_ASSERTIONS = NO;
				ENABLE_STRICT_OBJC_MSGSEND = YES;
				ENABLE_USER_SCRIPT_SANDBOXING = YES;
				GCC_C_LANGUAGE_STANDARD = gnu17;
				GCC_NO_COMMON_BLOCKS = YES;
				GCC_WARN_64_TO_32_BIT_CONVERSION = YES;
				GCC_WARN_ABOUT_RETURN_TYPE = YES_ERROR;
				GCC_WARN_UNDECLARED_SELECTOR = YES;
				GCC_WARN_UNINITIALIZED_AUTOS = YES_AGGRESSIVE;
				GCC_WARN_UNUSED_FUNCTION = YES;
				GCC_WARN_UNUSED_VARIABLE = YES;
				IPHONEOS_DEPLOYMENT_TARGET = 18.0;
				LOCALIZATION_PREFERS_STRING_CATALOGS = YES;
				MTL_ENABLE_DEBUG_INFO = NO;
				MTL_FAST_MATH = YES;
				SDKROOT = iphoneos;
				SWIFT_COMPILATION_MODE = wholemodule;
				VALIDATE_PRODUCT = YES;
			};
			name = Release;
		};
		E84CFE7A2CA06394009CBF6B /* Debug */ = {
			isa = XCBuildConfiguration;
			buildSettings = {
				ASSETCATALOG_COMPILER_APPICON_NAME = AppIcon;
				ASSETCATALOG_COMPILER_GLOBAL_ACCENT_COLOR_NAME = AccentColor;
				CODE_SIGN_STYLE = Automatic;
				CURRENT_PROJECT_VERSION = 1;
				DEVELOPMENT_ASSET_PATHS = "\"SexyZoomGallery/Preview Content\"";
				ENABLE_PREVIEWS = YES;
				GENERATE_INFOPLIST_FILE = YES;
				INFOPLIST_KEY_UIApplicationSceneManifest_Generation = YES;
				INFOPLIST_KEY_UIApplicationSupportsIndirectInputEvents = YES;
				INFOPLIST_KEY_UILaunchScreen_Generation = YES;
				INFOPLIST_KEY_UISupportedInterfaceOrientations_iPad = "UIInterfaceOrientationPortrait UIInterfaceOrientationPortraitUpsideDown UIInterfaceOrientationLandscapeLeft UIInterfaceOrientationLandscapeRight";
				INFOPLIST_KEY_UISupportedInterfaceOrientations_iPhone = "UIInterfaceOrientationPortrait UIInterfaceOrientationLandscapeLeft UIInterfaceOrientationLandscapeRight";
				LD_RUNPATH_SEARCH_PATHS = (
					"$(inherited)",
					"@executable_path/Frameworks",
				);
				MARKETING_VERSION = 1.0;
				PRODUCT_BUNDLE_IDENTIFIER = com.nick.raptis.super.zoom.gallery.SexyZoomGallery;
				PRODUCT_NAME = "$(TARGET_NAME)";
				SWIFT_EMIT_LOC_STRINGS = YES;
				SWIFT_VERSION = 6.0;
				TARGETED_DEVICE_FAMILY = "1,2";
			};
			name = Debug;
		};
		E84CFE7B2CA06394009CBF6B /* Release */ = {
			isa = XCBuildConfiguration;
			buildSettings = {
				ASSETCATALOG_COMPILER_APPICON_NAME = AppIcon;
				ASSETCATALOG_COMPILER_GLOBAL_ACCENT_COLOR_NAME = AccentColor;
				CODE_SIGN_STYLE = Automatic;
				CURRENT_PROJECT_VERSION = 1;
				DEVELOPMENT_ASSET_PATHS = "\"SexyZoomGallery/Preview Content\"";
				ENABLE_PREVIEWS = YES;
				GENERATE_INFOPLIST_FILE = YES;
				INFOPLIST_KEY_UIApplicationSceneManifest_Generation = YES;
				INFOPLIST_KEY_UIApplicationSupportsIndirectInputEvents = YES;
				INFOPLIST_KEY_UILaunchScreen_Generation = YES;
				INFOPLIST_KEY_UISupportedInterfaceOrientations_iPad = "UIInterfaceOrientationPortrait UIInterfaceOrientationPortraitUpsideDown UIInterfaceOrientationLandscapeLeft UIInterfaceOrientationLandscapeRight";
				INFOPLIST_KEY_UISupportedInterfaceOrientations_iPhone = "UIInterfaceOrientationPortrait UIInterfaceOrientationLandscapeLeft UIInterfaceOrientationLandscapeRight";
				LD_RUNPATH_SEARCH_PATHS = (
					"$(inherited)",
					"@executable_path/Frameworks",
				);
				MARKETING_VERSION = 1.0;
				PRODUCT_BUNDLE_IDENTIFIER = com.nick.raptis.super.zoom.gallery.SexyZoomGallery;
				PRODUCT_NAME = "$(TARGET_NAME)";
				SWIFT_EMIT_LOC_STRINGS = YES;
				SWIFT_VERSION = 6.0;
				TARGETED_DEVICE_FAMILY = "1,2";
			};
			name = Release;
		};
		E84CFE7D2CA06394009CBF6B /* Debug */ = {
			isa = XCBuildConfiguration;
			buildSettings = {
				BUNDLE_LOADER = "$(TEST_HOST)";
				CODE_SIGN_STYLE = Automatic;
				CURRENT_PROJECT_VERSION = 1;
				GENERATE_INFOPLIST_FILE = YES;
				IPHONEOS_DEPLOYMENT_TARGET = 18.0;
				MARKETING_VERSION = 1.0;
				PRODUCT_BUNDLE_IDENTIFIER = com.nick.raptis.super.zoom.gallery.SexyZoomGalleryTests;
				PRODUCT_NAME = "$(TARGET_NAME)";
				SWIFT_EMIT_LOC_STRINGS = NO;
				SWIFT_VERSION = 5.0;
				TARGETED_DEVICE_FAMILY = "1,2";
				TEST_HOST = "$(BUILT_PRODUCTS_DIR)/SexyZoomGallery.app/$(BUNDLE_EXECUTABLE_FOLDER_PATH)/SexyZoomGallery";
			};
			name = Debug;
		};
		E84CFE7E2CA06394009CBF6B /* Release */ = {
			isa = XCBuildConfiguration;
			buildSettings = {
				BUNDLE_LOADER = "$(TEST_HOST)";
				CODE_SIGN_STYLE = Automatic;
				CURRENT_PROJECT_VERSION = 1;
				GENERATE_INFOPLIST_FILE = YES;
				IPHONEOS_DEPLOYMENT_TARGET = 18.0;
				MARKETING_VERSION = 1.0;
				PRODUCT_BUNDLE_IDENTIFIER = com.nick.raptis.super.zoom.gallery.SexyZoomGalleryTests;
				PRODUCT_NAME = "$(TARGET_NAME)";
				SWIFT_EMIT_LOC_STRINGS = NO;
				SWIFT_VERSION = 5.0;
				TARGETED_DEVICE_FAMILY = "1,2";
				TEST_HOST = "$(BUILT_PRODUCTS_DIR)/SexyZoomGallery.app/$(BUNDLE_EXECUTABLE_FOLDER_PATH)/SexyZoomGallery";
			};
			name = Release;
		};
		E84CFE802CA06394009CBF6B /* Debug */ = {
			isa = XCBuildConfiguration;
			buildSettings = {
				CODE_SIGN_STYLE = Automatic;
				CURRENT_PROJECT_VERSION = 1;
				GENERATE_INFOPLIST_FILE = YES;
				MARKETING_VERSION = 1.0;
				PRODUCT_BUNDLE_IDENTIFIER = com.nick.raptis.super.zoom.gallery.SexyZoomGalleryUITests;
				PRODUCT_NAME = "$(TARGET_NAME)";
				SWIFT_EMIT_LOC_STRINGS = NO;
				SWIFT_VERSION = 5.0;
				TARGETED_DEVICE_FAMILY = "1,2";
				TEST_TARGET_NAME = SexyZoomGallery;
			};
			name = Debug;
		};
		E84CFE812CA06394009CBF6B /* Release */ = {
			isa = XCBuildConfiguration;
			buildSettings = {
				CODE_SIGN_STYLE = Automatic;
				CURRENT_PROJECT_VERSION = 1;
				GENERATE_INFOPLIST_FILE = YES;
				MARKETING_VERSION = 1.0;
				PRODUCT_BUNDLE_IDENTIFIER = com.nick.raptis.super.zoom.gallery.SexyZoomGalleryUITests;
				PRODUCT_NAME = "$(TARGET_NAME)";
				SWIFT_EMIT_LOC_STRINGS = NO;
				SWIFT_VERSION = 5.0;
				TARGETED_DEVICE_FAMILY = "1,2";
				TEST_TARGET_NAME = SexyZoomGallery;
			};
			name = Release;
		};
/* End XCBuildConfiguration section */

/* Begin XCConfigurationList section */
		E84CFE502CA06393009CBF6B /* Build configuration list for PBXProject "SexyZoomGallery" */ = {
			isa = XCConfigurationList;
			buildConfigurations = (
				E84CFE772CA06394009CBF6B /* Debug */,
				E84CFE782CA06394009CBF6B /* Release */,
			);
			defaultConfigurationIsVisible = 0;
			defaultConfigurationName = Release;
		};
		E84CFE792CA06394009CBF6B /* Build configuration list for PBXNativeTarget "SexyZoomGallery" */ = {
			isa = XCConfigurationList;
			buildConfigurations = (
				E84CFE7A2CA06394009CBF6B /* Debug */,
				E84CFE7B2CA06394009CBF6B /* Release */,
			);
			defaultConfigurationIsVisible = 0;
			defaultConfigurationName = Release;
		};
		E84CFE7C2CA06394009CBF6B /* Build configuration list for PBXNativeTarget "SexyZoomGalleryTests" */ = {
			isa = XCConfigurationList;
			buildConfigurations = (
				E84CFE7D2CA06394009CBF6B /* Debug */,
				E84CFE7E2CA06394009CBF6B /* Release */,
			);
			defaultConfigurationIsVisible = 0;
			defaultConfigurationName = Release;
		};
		E84CFE7F2CA06394009CBF6B /* Build configuration list for PBXNativeTarget "SexyZoomGalleryUITests" */ = {
			isa = XCConfigurationList;
			buildConfigurations = (
				E84CFE802CA06394009CBF6B /* Debug */,
				E84CFE812CA06394009CBF6B /* Release */,
			);
			defaultConfigurationIsVisible = 0;
			defaultConfigurationName = Release;
		};
/* End XCConfigurationList section */
	};
	rootObject = E84CFE4D2CA06393009CBF6B /* Project object */;
}
